
Microsoft Visual Studio Solution File, Format Version 12.00
# Visual Studio 2013
VisualStudioVersion = 12.0.30324.0
MinimumVisualStudioVersion = 10.0.40219.1
Project("{FAE04EC0-301F-11D3-BF4B-00C04F79EFBC}") = "MyProjects", "MyProjects\MyProjects.csproj", "{860D020C-5E3A-4419-BB40-3BA53965E501}"
EndProject
Project("{FAE04EC0-301F-11D3-BF4B-00C04F79EFBC}") = "MyProjects.Tests", "MyProjects.Tests\MyProjects.Tests.csproj", "{A96D47C9-35B4-42C9-B6E4-AB90AF6A1ECE}"
EndProject
Global
	GlobalSection(SolutionConfigurationPlatforms) = preSolution
		Debug|Any CPU = Debug|Any CPU
		Release|Any CPU = Release|Any CPU
	EndGlobalSection
	GlobalSection(ProjectConfigurationPlatforms) = postSolution
		{860D020C-5E3A-4419-BB40-3BA53965E501}.Debug|Any CPU.ActiveCfg = Debug|Any CPU
		{860D020C-5E3A-4419-BB40-3BA53965E501}.Debug|Any CPU.Build.0 = Debug|Any CPU
		{860D020C-5E3A-4419-BB40-3BA53965E501}.Release|Any CPU.ActiveCfg = Release|Any CPU
		{860D020C-5E3A-4419-BB40-3BA53965E501}.Release|Any CPU.Build.0 = Release|Any CPU
		{A96D47C9-35B4-42C9-B6E4-AB90AF6A1ECE}.Debug|Any CPU.ActiveCfg = Debug|Any CPU
		{A96D47C9-35B4-42C9-B6E4-AB90AF6A1ECE}.Debug|Any CPU.Build.0 = Debug|Any CPU
		{A96D47C9-35B4-42C9-B6E4-AB90AF6A1ECE}.Release|Any CPU.ActiveCfg = Release|Any CPU
		{A96D47C9-35B4-42C9-B6E4-AB90AF6A1ECE}.Release|Any CPU.Build.0 = Release|Any CPU
	EndGlobalSection
	GlobalSection(SolutionProperties) = preSolution
		HideSolutionNode = FALSE
	EndGlobalSection
EndGlobal
